
Microsoft Visual Studio Solution File, Format Version 12.00
# Visual Studio Version 17
VisualStudioVersion = 17.7.34031.279
MinimumVisualStudioVersion = 10.0.40219.1
Project("{8BC9CEB8-8B4A-11D0-8D11-00A0C91BC942}") = "HW5_MovingStatic", "HW5_MovingStatic\HW5_MovingStatic.vcxproj", "{8A237935-5847-4FD1-9B5B-C906F6B8795C}"
EndProject
Global
	GlobalSection(SolutionConfigurationPlatforms) = preSolution
		Debug|x64 = Debug|x64
		Debug|x86 = Debug|x86
		Release|x64 = Release|x64
		Release|x86 = Release|x86
	EndGlobalSection
	GlobalSection(ProjectConfigurationPlatforms) = postSolution
		{8A237935-5847-4FD1-9B5B-C906F6B8795C}.Debug|x64.ActiveCfg = Debug|x64
		{8A237935-5847-4FD1-9B5B-C906F6B8795C}.Debug|x64.Build.0 = Debug|x64
		{8A237935-5847-4FD1-9B5B-C906F6B8795C}.Debug|x86.ActiveCfg = Debug|Win32
		{8A237935-5847-4FD1-9B5B-C906F6B8795C}.Debug|x86.Build.0 = Debug|Win32
		{8A237935-5847-4FD1-9B5B-C906F6B8795C}.Release|x64.ActiveCfg = Release|x64
		{8A237935-5847-4FD1-9B5B-C906F6B8795C}.Release|x64.Build.0 = Release|x64
		{8A237935-5847-4FD1-9B5B-C906F6B8795C}.Release|x86.ActiveCfg = Release|Win32
		{8A237935-5847-4FD1-9B5B-C906F6B8795C}.Release|x86.Build.0 = Release|Win32
	EndGlobalSection
	GlobalSection(SolutionProperties) = preSolution
		HideSolutionNode = FALSE
	EndGlobalSection
	GlobalSection(ExtensibilityGlobals) = postSolution
		SolutionGuid = {FC9D1F39-D493-44C2-BC0F-06457ADB2D38}
	EndGlobalSection
EndGlobal
