
Microsoft Visual Studio Solution File, Format Version 12.00
# Visual Studio Version 17
VisualStudioVersion = 17.7.34031.279
MinimumVisualStudioVersion = 10.0.40219.1
Project("{8BC9CEB8-8B4A-11D0-8D11-00A0C91BC942}") = "HW4_Static", "HW4_Static\HW4_Static.vcxproj", "{755E87DA-8C5B-4140-8ABD-AD024B242467}"
EndProject
Global
	GlobalSection(SolutionConfigurationPlatforms) = preSolution
		Debug|x64 = Debug|x64
		Debug|x86 = Debug|x86
		Release|x64 = Release|x64
		Release|x86 = Release|x86
	EndGlobalSection
	GlobalSection(ProjectConfigurationPlatforms) = postSolution
		{755E87DA-8C5B-4140-8ABD-AD024B242467}.Debug|x64.ActiveCfg = Debug|x64
		{755E87DA-8C5B-4140-8ABD-AD024B242467}.Debug|x64.Build.0 = Debug|x64
		{755E87DA-8C5B-4140-8ABD-AD024B242467}.Debug|x86.ActiveCfg = Debug|Win32
		{755E87DA-8C5B-4140-8ABD-AD024B242467}.Debug|x86.Build.0 = Debug|Win32
		{755E87DA-8C5B-4140-8ABD-AD024B242467}.Release|x64.ActiveCfg = Release|x64
		{755E87DA-8C5B-4140-8ABD-AD024B242467}.Release|x64.Build.0 = Release|x64
		{755E87DA-8C5B-4140-8ABD-AD024B242467}.Release|x86.ActiveCfg = Release|Win32
		{755E87DA-8C5B-4140-8ABD-AD024B242467}.Release|x86.Build.0 = Release|Win32
	EndGlobalSection
	GlobalSection(SolutionProperties) = preSolution
		HideSolutionNode = FALSE
	EndGlobalSection
	GlobalSection(ExtensibilityGlobals) = postSolution
		SolutionGuid = {CDE28BC1-FB63-492C-8E0E-490B967BF8DC}
	EndGlobalSection
EndGlobal
